
Microsoft Visual Studio Solution File, Format Version 12.00
# Visual Studio Version 16
VisualStudioVersion = 16.0.29509.3
MinimumVisualStudioVersion = 10.0.40219.1
Project("{FAE04EC0-301F-11D3-BF4B-00C04F79EFBC}") = "LR10", "LR10\LR10.csproj", "{1816D9D3-C2A6-4606-9149-E0D251693D0D}"
EndProject
Global
	GlobalSection(SolutionConfigurationPlatforms) = preSolution
		Debug|Any CPU = Debug|Any CPU
		Release|Any CPU = Release|Any CPU
	EndGlobalSection
	GlobalSection(ProjectConfigurationPlatforms) = postSolution
		{1816D9D3-C2A6-4606-9149-E0D251693D0D}.Debug|Any CPU.ActiveCfg = Debug|Any CPU
		{1816D9D3-C2A6-4606-9149-E0D251693D0D}.Debug|Any CPU.Build.0 = Debug|Any CPU
		{1816D9D3-C2A6-4606-9149-E0D251693D0D}.Release|Any CPU.ActiveCfg = Release|Any CPU
		{1816D9D3-C2A6-4606-9149-E0D251693D0D}.Release|Any CPU.Build.0 = Release|Any CPU
	EndGlobalSection
	GlobalSection(SolutionProperties) = preSolution
		HideSolutionNode = FALSE
	EndGlobalSection
	GlobalSection(ExtensibilityGlobals) = postSolution
		SolutionGuid = {413BBD96-EC90-47FB-8A8E-C512951757BD}
	EndGlobalSection
EndGlobal
