
Microsoft Visual Studio Solution File, Format Version 12.00
# Visual Studio Version 16
VisualStudioVersion = 16.0.29306.81
MinimumVisualStudioVersion = 10.0.40219.1
Project("{FAE04EC0-301F-11D3-BF4B-00C04F79EFBC}") = "LR6", "LR6\LR6.csproj", "{F8AAE8A2-4AF9-4A0D-BE4B-FEA8C02B8F2F}"
EndProject
Global
	GlobalSection(SolutionConfigurationPlatforms) = preSolution
		Debug|Any CPU = Debug|Any CPU
		Release|Any CPU = Release|Any CPU
	EndGlobalSection
	GlobalSection(ProjectConfigurationPlatforms) = postSolution
		{F8AAE8A2-4AF9-4A0D-BE4B-FEA8C02B8F2F}.Debug|Any CPU.ActiveCfg = Debug|Any CPU
		{F8AAE8A2-4AF9-4A0D-BE4B-FEA8C02B8F2F}.Debug|Any CPU.Build.0 = Debug|Any CPU
		{F8AAE8A2-4AF9-4A0D-BE4B-FEA8C02B8F2F}.Release|Any CPU.ActiveCfg = Release|Any CPU
		{F8AAE8A2-4AF9-4A0D-BE4B-FEA8C02B8F2F}.Release|Any CPU.Build.0 = Release|Any CPU
	EndGlobalSection
	GlobalSection(SolutionProperties) = preSolution
		HideSolutionNode = FALSE
	EndGlobalSection
	GlobalSection(ExtensibilityGlobals) = postSolution
		SolutionGuid = {D43A2C42-65F4-4410-A104-CE67B6D3BDD7}
	EndGlobalSection
EndGlobal
